
Microsoft Visual Studio Solution File, Format Version 12.00
# Visual Studio Version 17
VisualStudioVersion = 17.1.32228.430
MinimumVisualStudioVersion = 10.0.40219.1
Project("{2150E333-8FDC-42A3-9474-1A3956D46DE8}") = "src", "src", "{02EA681E-C7D8-13C7-8484-4AC65E1B71E8}"
EndProject
Project("{2150E333-8FDC-42A3-9474-1A3956D46DE8}") = "test", "test", "{2D24BC0B-39B8-4C87-97BF-30C96FE1F789}"
EndProject
Project("{FAE04EC0-301F-11D3-BF4B-00C04F79EFBC}") = "InfoTrack.SEOTracker.Domain", "src\InfoTrack.SEOTracker.Domain\InfoTrack.SEOTracker.Domain.csproj", "{A64B7348-6345-5B38-CD78-7C63877EA7A6}"
EndProject
Project("{FAE04EC0-301F-11D3-BF4B-00C04F79EFBC}") = "InfoTrack.SEOTracker.Utilities", "src\InfoTrack.SEOTracker.Utilities\InfoTrack.SEOTracker.Utilities.csproj", "{109CED2D-82E8-43CC-A21C-CEC4E905EF0D}"
EndProject
Project("{FAE04EC0-301F-11D3-BF4B-00C04F79EFBC}") = "InfoTrack.SEOTracker.Data", "src\InfoTrack.SEOTracker.Data\InfoTrack.SEOTracker.Data.csproj", "{DF979599-46D2-C238-9ADC-28C1A1FB6511}"
EndProject
Project("{FAE04EC0-301F-11D3-BF4B-00C04F79EFBC}") = "InfoTrack.SEOTracker.Services", "src\InfoTrack.SEOTracker.Services\InfoTrack.SEOTracker.Services.csproj", "{A753D07A-8D07-D2C6-EE1B-0CD240A49457}"
EndProject
Project("{FAE04EC0-301F-11D3-BF4B-00C04F79EFBC}") = "InfoTrack.SEOTracker.Api", "src\InfoTrack.SEOTracker.Api\InfoTrack.SEOTracker.Api.csproj", "{20E2B730-C6BE-A583-F9F5-E1D3FCDC2E1C}"
EndProject
Project("{FAE04EC0-301F-11D3-BF4B-00C04F79EFBC}") = "InfoTrack.SEOTracker.Utilities.Tests", "test\InfoTrack.SEOTracker.Utilities.Tests\InfoTrack.SEOTracker.Utilities.Tests.csproj", "{1BC33683-C85C-47EF-97AB-2232B73195A4}"
EndProject
Project("{FAE04EC0-301F-11D3-BF4B-00C04F79EFBC}") = "InfoTrack.SEOTracker.Domain.Tests", "test\InfoTrack.SEOTracker.Domain.Tests\InfoTrack.SEOTracker.Domain.Tests.csproj", "{E3C74857-D57D-486F-AADC-A8A273133DA2}"
EndProject
Project("{FAE04EC0-301F-11D3-BF4B-00C04F79EFBC}") = "InfoTrack.SEOTracker.Services.Tests", "test\InfoTrack.SEOTracker.Services.Tests\InfoTrack.SEOTracker.Services.Tests.csproj", "{824D549E-67F3-473C-AE3F-19CA117213BA}"
EndProject
Project("{FAE04EC0-301F-11D3-BF4B-00C04F79EFBC}") = "InfoTrack.SEOTracker.Data.Tests", "test\InfoTrack.SEOTracker.Data.Tests\InfoTrack.SEOTracker.Data.Tests.csproj", "{5F036D2A-6398-4FB4-8F4C-808404CB8C43}"
EndProject
Project("{FAE04EC0-301F-11D3-BF4B-00C04F79EFBC}") = "InfoTrack.SEOTracker.Api.Tests", "test\InfoTrack.SEOTracker.Api.Tests\InfoTrack.SEOTracker.Api.Tests.csproj", "{E6EABF1C-F1ED-407C-AA40-6C47406FE0FF}"
EndProject
Project("{2150E333-8FDC-42A3-9474-1A3956D46DE8}") = "Solution Item", "Solution Item", "{4B45D073-E780-4F96-B9EE-3CFDC02F16B6}"
	ProjectSection(SolutionItems) = preProject
		README.md = README.md
	EndProjectSection
EndProject
Global
	GlobalSection(SolutionConfigurationPlatforms) = preSolution
		Debug|Any CPU = Debug|Any CPU
		Release|Any CPU = Release|Any CPU
	EndGlobalSection
	GlobalSection(ProjectConfigurationPlatforms) = postSolution
		{A64B7348-6345-5B38-CD78-7C63877EA7A6}.Debug|Any CPU.ActiveCfg = Debug|Any CPU
		{A64B7348-6345-5B38-CD78-7C63877EA7A6}.Debug|Any CPU.Build.0 = Debug|Any CPU
		{A64B7348-6345-5B38-CD78-7C63877EA7A6}.Release|Any CPU.ActiveCfg = Release|Any CPU
		{A64B7348-6345-5B38-CD78-7C63877EA7A6}.Release|Any CPU.Build.0 = Release|Any CPU
		{109CED2D-82E8-43CC-A21C-CEC4E905EF0D}.Debug|Any CPU.ActiveCfg = Debug|Any CPU
		{109CED2D-82E8-43CC-A21C-CEC4E905EF0D}.Debug|Any CPU.Build.0 = Debug|Any CPU
		{109CED2D-82E8-43CC-A21C-CEC4E905EF0D}.Release|Any CPU.ActiveCfg = Release|Any CPU
		{109CED2D-82E8-43CC-A21C-CEC4E905EF0D}.Release|Any CPU.Build.0 = Release|Any CPU
		{DF979599-46D2-C238-9ADC-28C1A1FB6511}.Debug|Any CPU.ActiveCfg = Debug|Any CPU
		{DF979599-46D2-C238-9ADC-28C1A1FB6511}.Debug|Any CPU.Build.0 = Debug|Any CPU
		{DF979599-46D2-C238-9ADC-28C1A1FB6511}.Release|Any CPU.ActiveCfg = Release|Any CPU
		{DF979599-46D2-C238-9ADC-28C1A1FB6511}.Release|Any CPU.Build.0 = Release|Any CPU
		{A753D07A-8D07-D2C6-EE1B-0CD240A49457}.Debug|Any CPU.ActiveCfg = Debug|Any CPU
		{A753D07A-8D07-D2C6-EE1B-0CD240A49457}.Debug|Any CPU.Build.0 = Debug|Any CPU
		{A753D07A-8D07-D2C6-EE1B-0CD240A49457}.Release|Any CPU.ActiveCfg = Release|Any CPU
		{A753D07A-8D07-D2C6-EE1B-0CD240A49457}.Release|Any CPU.Build.0 = Release|Any CPU
		{20E2B730-C6BE-A583-F9F5-E1D3FCDC2E1C}.Debug|Any CPU.ActiveCfg = Debug|Any CPU
		{20E2B730-C6BE-A583-F9F5-E1D3FCDC2E1C}.Debug|Any CPU.Build.0 = Debug|Any CPU
		{20E2B730-C6BE-A583-F9F5-E1D3FCDC2E1C}.Release|Any CPU.ActiveCfg = Release|Any CPU
		{20E2B730-C6BE-A583-F9F5-E1D3FCDC2E1C}.Release|Any CPU.Build.0 = Release|Any CPU
		{1BC33683-C85C-47EF-97AB-2232B73195A4}.Debug|Any CPU.ActiveCfg = Debug|Any CPU
		{1BC33683-C85C-47EF-97AB-2232B73195A4}.Debug|Any CPU.Build.0 = Debug|Any CPU
		{1BC33683-C85C-47EF-97AB-2232B73195A4}.Release|Any CPU.ActiveCfg = Release|Any CPU
		{1BC33683-C85C-47EF-97AB-2232B73195A4}.Release|Any CPU.Build.0 = Release|Any CPU
		{E3C74857-D57D-486F-AADC-A8A273133DA2}.Debug|Any CPU.ActiveCfg = Debug|Any CPU
		{E3C74857-D57D-486F-AADC-A8A273133DA2}.Debug|Any CPU.Build.0 = Debug|Any CPU
		{E3C74857-D57D-486F-AADC-A8A273133DA2}.Release|Any CPU.ActiveCfg = Release|Any CPU
		{E3C74857-D57D-486F-AADC-A8A273133DA2}.Release|Any CPU.Build.0 = Release|Any CPU
		{824D549E-67F3-473C-AE3F-19CA117213BA}.Debug|Any CPU.ActiveCfg = Debug|Any CPU
		{824D549E-67F3-473C-AE3F-19CA117213BA}.Debug|Any CPU.Build.0 = Debug|Any CPU
		{824D549E-67F3-473C-AE3F-19CA117213BA}.Release|Any CPU.ActiveCfg = Release|Any CPU
		{824D549E-67F3-473C-AE3F-19CA117213BA}.Release|Any CPU.Build.0 = Release|Any CPU
		{5F036D2A-6398-4FB4-8F4C-808404CB8C43}.Debug|Any CPU.ActiveCfg = Debug|Any CPU
		{5F036D2A-6398-4FB4-8F4C-808404CB8C43}.Debug|Any CPU.Build.0 = Debug|Any CPU
		{5F036D2A-6398-4FB4-8F4C-808404CB8C43}.Release|Any CPU.ActiveCfg = Release|Any CPU
		{5F036D2A-6398-4FB4-8F4C-808404CB8C43}.Release|Any CPU.Build.0 = Release|Any CPU
		{E6EABF1C-F1ED-407C-AA40-6C47406FE0FF}.Debug|Any CPU.ActiveCfg = Debug|Any CPU
		{E6EABF1C-F1ED-407C-AA40-6C47406FE0FF}.Debug|Any CPU.Build.0 = Debug|Any CPU
		{E6EABF1C-F1ED-407C-AA40-6C47406FE0FF}.Release|Any CPU.ActiveCfg = Release|Any CPU
		{E6EABF1C-F1ED-407C-AA40-6C47406FE0FF}.Release|Any CPU.Build.0 = Release|Any CPU
	EndGlobalSection
	GlobalSection(SolutionProperties) = preSolution
		HideSolutionNode = FALSE
	EndGlobalSection
	GlobalSection(NestedProjects) = preSolution
		{A64B7348-6345-5B38-CD78-7C63877EA7A6} = {02EA681E-C7D8-13C7-8484-4AC65E1B71E8}
		{109CED2D-82E8-43CC-A21C-CEC4E905EF0D} = {02EA681E-C7D8-13C7-8484-4AC65E1B71E8}
		{DF979599-46D2-C238-9ADC-28C1A1FB6511} = {02EA681E-C7D8-13C7-8484-4AC65E1B71E8}
		{A753D07A-8D07-D2C6-EE1B-0CD240A49457} = {02EA681E-C7D8-13C7-8484-4AC65E1B71E8}
		{20E2B730-C6BE-A583-F9F5-E1D3FCDC2E1C} = {02EA681E-C7D8-13C7-8484-4AC65E1B71E8}
		{1BC33683-C85C-47EF-97AB-2232B73195A4} = {2D24BC0B-39B8-4C87-97BF-30C96FE1F789}
		{E3C74857-D57D-486F-AADC-A8A273133DA2} = {2D24BC0B-39B8-4C87-97BF-30C96FE1F789}
		{824D549E-67F3-473C-AE3F-19CA117213BA} = {2D24BC0B-39B8-4C87-97BF-30C96FE1F789}
		{5F036D2A-6398-4FB4-8F4C-808404CB8C43} = {2D24BC0B-39B8-4C87-97BF-30C96FE1F789}
		{E6EABF1C-F1ED-407C-AA40-6C47406FE0FF} = {2D24BC0B-39B8-4C87-97BF-30C96FE1F789}
	EndGlobalSection
	GlobalSection(ExtensibilityGlobals) = postSolution
		SolutionGuid = {64C16E24-6F73-4B37-B26E-7FD5306241BF}
	EndGlobalSection
EndGlobal
